
Microsoft Visual Studio Solution File, Format Version 12.00
# Visual Studio 15
Project("{FAE04EC0-301F-11D3-BF4B-00C04F79EFBC}") = "Assembly-CSharp", "Assembly-CSharp.csproj", "{D727BDCC-643A-8EBA-AAEB-17A8DDB33C6A}"
EndProject
Project("{FAE04EC0-301F-11D3-BF4B-00C04F79EFBC}") = "AstarPathfindingProject", "AstarPathfindingProject.csproj", "{80408A6F-8E2D-A6F2-1EC6-DEEDBA09BE92}"
EndProject
Project("{FAE04EC0-301F-11D3-BF4B-00C04F79EFBC}") = "AstarPathfindingProjectEditor", "AstarPathfindingProjectEditor.csproj", "{8CAF6DB8-BA42-62C6-B803-016DA045E579}"
EndProject
Project("{FAE04EC0-301F-11D3-BF4B-00C04F79EFBC}") = "PackageToolsEditor", "PackageToolsEditor.csproj", "{918224F8-3508-C696-D478-B1F0B51F509F}"
EndProject
Project("{FAE04EC0-301F-11D3-BF4B-00C04F79EFBC}") = "Assembly-CSharp-Editor", "Assembly-CSharp-Editor.csproj", "{BE7E7749-FA0D-D096-CF6B-B827528179D7}"
EndProject
Global
	GlobalSection(SolutionConfigurationPlatforms) = preSolution
		Debug|Any CPU = Debug|Any CPU
		Release|Any CPU = Release|Any CPU
	EndGlobalSection
	GlobalSection(ProjectConfigurationPlatforms) = postSolution
		{D727BDCC-643A-8EBA-AAEB-17A8DDB33C6A}.Debug|Any CPU.ActiveCfg = Debug|Any CPU
		{D727BDCC-643A-8EBA-AAEB-17A8DDB33C6A}.Debug|Any CPU.Build.0 = Debug|Any CPU
		{D727BDCC-643A-8EBA-AAEB-17A8DDB33C6A}.Release|Any CPU.ActiveCfg = Release|Any CPU
		{D727BDCC-643A-8EBA-AAEB-17A8DDB33C6A}.Release|Any CPU.Build.0 = Release|Any CPU
		{80408A6F-8E2D-A6F2-1EC6-DEEDBA09BE92}.Debug|Any CPU.ActiveCfg = Debug|Any CPU
		{80408A6F-8E2D-A6F2-1EC6-DEEDBA09BE92}.Debug|Any CPU.Build.0 = Debug|Any CPU
		{80408A6F-8E2D-A6F2-1EC6-DEEDBA09BE92}.Release|Any CPU.ActiveCfg = Release|Any CPU
		{80408A6F-8E2D-A6F2-1EC6-DEEDBA09BE92}.Release|Any CPU.Build.0 = Release|Any CPU
		{8CAF6DB8-BA42-62C6-B803-016DA045E579}.Debug|Any CPU.ActiveCfg = Debug|Any CPU
		{8CAF6DB8-BA42-62C6-B803-016DA045E579}.Debug|Any CPU.Build.0 = Debug|Any CPU
		{8CAF6DB8-BA42-62C6-B803-016DA045E579}.Release|Any CPU.ActiveCfg = Release|Any CPU
		{8CAF6DB8-BA42-62C6-B803-016DA045E579}.Release|Any CPU.Build.0 = Release|Any CPU
		{918224F8-3508-C696-D478-B1F0B51F509F}.Debug|Any CPU.ActiveCfg = Debug|Any CPU
		{918224F8-3508-C696-D478-B1F0B51F509F}.Debug|Any CPU.Build.0 = Debug|Any CPU
		{918224F8-3508-C696-D478-B1F0B51F509F}.Release|Any CPU.ActiveCfg = Release|Any CPU
		{918224F8-3508-C696-D478-B1F0B51F509F}.Release|Any CPU.Build.0 = Release|Any CPU
		{BE7E7749-FA0D-D096-CF6B-B827528179D7}.Debug|Any CPU.ActiveCfg = Debug|Any CPU
		{BE7E7749-FA0D-D096-CF6B-B827528179D7}.Debug|Any CPU.Build.0 = Debug|Any CPU
		{BE7E7749-FA0D-D096-CF6B-B827528179D7}.Release|Any CPU.ActiveCfg = Release|Any CPU
		{BE7E7749-FA0D-D096-CF6B-B827528179D7}.Release|Any CPU.Build.0 = Release|Any CPU
	EndGlobalSection
	GlobalSection(SolutionProperties) = preSolution
		HideSolutionNode = FALSE
	EndGlobalSection
EndGlobal
